
Microsoft Visual Studio Solution File, Format Version 12.00
# Visual Studio Version 16
VisualStudioVersion = 16.0.29905.134
MinimumVisualStudioVersion = 10.0.40219.1
Project("{FAE04EC0-301F-11D3-BF4B-00C04F79EFBC}") = "DailyGoalsApp", "DailyGoalsApp\DailyGoalsApp.csproj", "{89A9F507-0CAE-408C-8E74-DB29BB1B6F74}"
EndProject
Global
	GlobalSection(SolutionConfigurationPlatforms) = preSolution
		Debug|Any CPU = Debug|Any CPU
		Release|Any CPU = Release|Any CPU
	EndGlobalSection
	GlobalSection(ProjectConfigurationPlatforms) = postSolution
		{89A9F507-0CAE-408C-8E74-DB29BB1B6F74}.Debug|Any CPU.ActiveCfg = Debug|Any CPU
		{89A9F507-0CAE-408C-8E74-DB29BB1B6F74}.Debug|Any CPU.Build.0 = Debug|Any CPU
		{89A9F507-0CAE-408C-8E74-DB29BB1B6F74}.Release|Any CPU.ActiveCfg = Release|Any CPU
		{89A9F507-0CAE-408C-8E74-DB29BB1B6F74}.Release|Any CPU.Build.0 = Release|Any CPU
	EndGlobalSection
	GlobalSection(SolutionProperties) = preSolution
		HideSolutionNode = FALSE
	EndGlobalSection
	GlobalSection(ExtensibilityGlobals) = postSolution
		SolutionGuid = {1D4E4ACB-C2C9-4CF7-9FA0-4B647C5A8F9D}
	EndGlobalSection
EndGlobal
